// !$*UTF8*$!
{
	archiveVersion = 1;
	classes = {
	};
	objectVersion = 56;
	objects = {

/* Begin PBXBuildFile section */
		4C1608692AD6E449004B3B81 /* AppDelegate.swift in Sources */ = {isa = PBXBuildFile; fileRef = 4C1608682AD6E449004B3B81 /* AppDelegate.swift */; };
		4C16086B2AD6E449004B3B81 /* SceneDelegate.swift in Sources */ = {isa = PBXBuildFile; fileRef = 4C16086A2AD6E449004B3B81 /* SceneDelegate.swift */; };
		4C16086D2AD6E449004B3B81 /* ViewController.swift in Sources */ = {isa = PBXBuildFile; fileRef = 4C16086C2AD6E449004B3B81 /* ViewController.swift */; };
		4C1608702AD6E449004B3B81 /* Main.storyboard in Resources */ = {isa = PBXBuildFile; fileRef = 4C16086E2AD6E449004B3B81 /* Main.storyboard */; };
		4C1608732AD6E449004B3B81 /* classmate_app.xcdatamodeld in Sources */ = {isa = PBXBuildFile; fileRef = 4C1608712AD6E449004B3B81 /* classmate_app.xcdatamodeld */; };
		4C1608752AD6E44A004B3B81 /* Assets.xcassets in Resources */ = {isa = PBXBuildFile; fileRef = 4C1608742AD6E44A004B3B81 /* Assets.xcassets */; };
		4C1608782AD6E44A004B3B81 /* LaunchScreen.storyboard in Resources */ = {isa = PBXBuildFile; fileRef = 4C1608762AD6E44A004B3B81 /* LaunchScreen.storyboard */; };
		4C1608832AD6E44A004B3B81 /* classmate_appTests.swift in Sources */ = {isa = PBXBuildFile; fileRef = 4C1608822AD6E44A004B3B81 /* classmate_appTests.swift */; };
		4C16088D2AD6E44A004B3B81 /* classmate_appUITests.swift in Sources */ = {isa = PBXBuildFile; fileRef = 4C16088C2AD6E44A004B3B81 /* classmate_appUITests.swift */; };
		4C16088F2AD6E44A004B3B81 /* classmate_appUITestsLaunchTests.swift in Sources */ = {isa = PBXBuildFile; fileRef = 4C16088E2AD6E44A004B3B81 /* classmate_appUITestsLaunchTests.swift */; };
		4C16089C2AD6E4B3004B3B81 /* Student.swift in Sources */ = {isa = PBXBuildFile; fileRef = 4C16089B2AD6E4B3004B3B81 /* Student.swift */; };
		4C47FA382AD98F2F00A18F4C /* ViewControllerInfo.swift in Sources */ = {isa = PBXBuildFile; fileRef = 4C47FA372AD98F2F00A18F4C /* ViewControllerInfo.swift */; };
/* End PBXBuildFile section */

/* Begin PBXContainerItemProxy section */
		4C16087F2AD6E44A004B3B81 /* PBXContainerItemProxy */ = {
			isa = PBXContainerItemProxy;
			containerPortal = 4C16085D2AD6E449004B3B81 /* Project object */;
			proxyType = 1;
			remoteGlobalIDString = 4C1608642AD6E449004B3B81;
			remoteInfo = "classmate app";
		};
		4C1608892AD6E44A004B3B81 /* PBXContainerItemProxy */ = {
			isa = PBXContainerItemProxy;
			containerPortal = 4C16085D2AD6E449004B3B81 /* Project object */;
			proxyType = 1;
			remoteGlobalIDString = 4C1608642AD6E449004B3B81;
			remoteInfo = "classmate app";
		};
/* End PBXContainerItemProxy section */

/* Begin PBXFileReference section */
		4C1608652AD6E449004B3B81 /* classmate app.app */ = {isa = PBXFileReference; explicitFileType = wrapper.application; includeInIndex = 0; path = "classmate app.app"; sourceTree = BUILT_PRODUCTS_DIR; };
		4C1608682AD6E449004B3B81 /* AppDelegate.swift */ = {isa = PBXFileReference; lastKnownFileType = sourcecode.swift; path = AppDelegate.swift; sourceTree = "<group>"; };
		4C16086A2AD6E449004B3B81 /* SceneDelegate.swift */ = {isa = PBXFileReference; lastKnownFileType = sourcecode.swift; path = SceneDelegate.swift; sourceTree = "<group>"; };
		4C16086C2AD6E449004B3B81 /* ViewController.swift */ = {isa = PBXFileReference; lastKnownFileType = sourcecode.swift; path = ViewController.swift; sourceTree = "<group>"; };
		4C16086F2AD6E449004B3B81 /* Base */ = {isa = PBXFileReference; lastKnownFileType = file.storyboard; name = Base; path = Base.lproj/Main.storyboard; sourceTree = "<group>"; };
		4C1608722AD6E449004B3B81 /* classmate_app.xcdatamodel */ = {isa = PBXFileReference; lastKnownFileType = wrapper.xcdatamodel; path = classmate_app.xcdatamodel; sourceTree = "<group>"; };
		4C1608742AD6E44A004B3B81 /* Assets.xcassets */ = {isa = PBXFileReference; lastKnownFileType = folder.assetcatalog; path = Assets.xcassets; sourceTree = "<group>"; };
		4C1608772AD6E44A004B3B81 /* Base */ = {isa = PBXFileReference; lastKnownFileType = file.storyboard; name = Base; path = Base.lproj/LaunchScreen.storyboard; sourceTree = "<group>"; };
		4C1608792AD6E44A004B3B81 /* Info.plist */ = {isa = PBXFileReference; lastKnownFileType = text.plist.xml; path = Info.plist; sourceTree = "<group>"; };
		4C16087E2AD6E44A004B3B81 /* classmate appTests.xctest */ = {isa = PBXFileReference; explicitFileType = wrapper.cfbundle; includeInIndex = 0; path = "classmate appTests.xctest"; sourceTree = BUILT_PRODUCTS_DIR; };
		4C1608822AD6E44A004B3B81 /* classmate_appTests.swift */ = {isa = PBXFileReference; lastKnownFileType = sourcecode.swift; path = classmate_appTests.swift; sourceTree = "<group>"; };
		4C1608882AD6E44A004B3B81 /* classmate appUITests.xctest */ = {isa = PBXFileReference; explicitFileType = wrapper.cfbundle; includeInIndex = 0; path = "classmate appUITests.xctest"; sourceTree = BUILT_PRODUCTS_DIR; };
		4C16088C2AD6E44A004B3B81 /* classmate_appUITests.swift */ = {isa = PBXFileReference; lastKnownFileType = sourcecode.swift; path = classmate_appUITests.swift; sourceTree = "<group>"; };
		4C16088E2AD6E44A004B3B81 /* classmate_appUITestsLaunchTests.swift */ = {isa = PBXFileReference; lastKnownFileType = sourcecode.swift; path = classmate_appUITestsLaunchTests.swift; sourceTree = "<group>"; };
		4C16089B2AD6E4B3004B3B81 /* Student.swift */ = {isa = PBXFileReference; lastKnownFileType = sourcecode.swift; path = Student.swift; sourceTree = "<group>"; };
		4C47FA372AD98F2F00A18F4C /* ViewControllerInfo.swift */ = {isa = PBXFileReference; lastKnownFileType = sourcecode.swift; path = ViewControllerInfo.swift; sourceTree = "<group>"; };
/* End PBXFileReference section */

/* Begin PBXFrameworksBuildPhase section */
		4C1608622AD6E449004B3B81 /* Frameworks */ = {
			isa = PBXFrameworksBuildPhase;
			buildActionMask = 2147483647;
			files = (
			);
			runOnlyForDeploymentPostprocessing = 0;
		};
		4C16087B2AD6E44A004B3B81 /* Frameworks */ = {
			isa = PBXFrameworksBuildPhase;
			buildActionMask = 2147483647;
			files = (
			);
			runOnlyForDeploymentPostprocessing = 0;
		};
		4C1608852AD6E44A004B3B81 /* Frameworks */ = {
			isa = PBXFrameworksBuildPhase;
			buildActionMask = 2147483647;
			files = (
			);
			runOnlyForDeploymentPostprocessing = 0;
		};
/* End PBXFrameworksBuildPhase section */

/* Begin PBXGroup section */
		4C16085C2AD6E449004B3B81 = {
			isa = PBXGroup;
			children = (
				4C1608672AD6E449004B3B81 /* classmate app */,
				4C1608812AD6E44A004B3B81 /* classmate appTests */,
				4C16088B2AD6E44A004B3B81 /* classmate appUITests */,
				4C1608662AD6E449004B3B81 /* Products */,
			);
			sourceTree = "<group>";
		};
		4C1608662AD6E449004B3B81 /* Products */ = {
			isa = PBXGroup;
			children = (
				4C1608652AD6E449004B3B81 /* classmate app.app */,
				4C16087E2AD6E44A004B3B81 /* classmate appTests.xctest */,
				4C1608882AD6E44A004B3B81 /* classmate appUITests.xctest */,
			);
			name = Products;
			sourceTree = "<group>";
		};
		4C1608672AD6E449004B3B81 /* classmate app */ = {
			isa = PBXGroup;
			children = (
				4C1608682AD6E449004B3B81 /* AppDelegate.swift */,
				4C16086A2AD6E449004B3B81 /* SceneDelegate.swift */,
				4C16086C2AD6E449004B3B81 /* ViewController.swift */,
				4C16086E2AD6E449004B3B81 /* Main.storyboard */,
				4C47FA372AD98F2F00A18F4C /* ViewControllerInfo.swift */,
				4C16089B2AD6E4B3004B3B81 /* Student.swift */,
				4C1608742AD6E44A004B3B81 /* Assets.xcassets */,
				4C1608762AD6E44A004B3B81 /* LaunchScreen.storyboard */,
				4C1608792AD6E44A004B3B81 /* Info.plist */,
				4C1608712AD6E449004B3B81 /* classmate_app.xcdatamodeld */,
			);
			path = "classmate app";
			sourceTree = "<group>";
		};
		4C1608812AD6E44A004B3B81 /* classmate appTests */ = {
			isa = PBXGroup;
			children = (
				4C1608822AD6E44A004B3B81 /* classmate_appTests.swift */,
			);
			path = "classmate appTests";
			sourceTree = "<group>";
		};
		4C16088B2AD6E44A004B3B81 /* classmate appUITests */ = {
			isa = PBXGroup;
			children = (
				4C16088C2AD6E44A004B3B81 /* classmate_appUITests.swift */,
				4C16088E2AD6E44A004B3B81 /* classmate_appUITestsLaunchTests.swift */,
			);
			path = "classmate appUITests";
			sourceTree = "<group>";
		};
/* End PBXGroup section */

/* Begin PBXNativeTarget section */
		4C1608642AD6E449004B3B81 /* classmate app */ = {
			isa = PBXNativeTarget;
			buildConfigurationList = 4C1608922AD6E44A004B3B81 /* Build configuration list for PBXNativeTarget "classmate app" */;
			buildPhases = (
				4C1608612AD6E449004B3B81 /* Sources */,
				4C1608622AD6E449004B3B81 /* Frameworks */,
				4C1608632AD6E449004B3B81 /* Resources */,
			);
			buildRules = (
			);
			dependencies = (
			);
			name = "classmate app";
			productName = "classmate app";
			productReference = 4C1608652AD6E449004B3B81 /* classmate app.app */;
			productType = "com.apple.product-type.application";
		};
		4C16087D2AD6E44A004B3B81 /* classmate appTests */ = {
			isa = PBXNativeTarget;
			buildConfigurationList = 4C1608952AD6E44A004B3B81 /* Build configuration list for PBXNativeTarget "classmate appTests" */;
			buildPhases = (
				4C16087A2AD6E44A004B3B81 /* Sources */,
				4C16087B2AD6E44A004B3B81 /* Frameworks */,
				4C16087C2AD6E44A004B3B81 /* Resources */,
			);
			buildRules = (
			);
			dependencies = (
				4C1608802AD6E44A004B3B81 /* PBXTargetDependency */,
			);
			name = "classmate appTests";
			productName = "classmate appTests";
			productReference = 4C16087E2AD6E44A004B3B81 /* classmate appTests.xctest */;
			productType = "com.apple.product-type.bundle.unit-test";
		};
		4C1608872AD6E44A004B3B81 /* classmate appUITests */ = {
			isa = PBXNativeTarget;
			buildConfigurationList = 4C1608982AD6E44A004B3B81 /* Build configuration list for PBXNativeTarget "classmate appUITests" */;
			buildPhases = (
				4C1608842AD6E44A004B3B81 /* Sources */,
				4C1608852AD6E44A004B3B81 /* Frameworks */,
				4C1608862AD6E44A004B3B81 /* Resources */,
			);
			buildRules = (
			);
			dependencies = (
				4C16088A2AD6E44A004B3B81 /* PBXTargetDependency */,
			);
			name = "classmate appUITests";
			productName = "classmate appUITests";
			productReference = 4C1608882AD6E44A004B3B81 /* classmate appUITests.xctest */;
			productType = "com.apple.product-type.bundle.ui-testing";
		};
/* End PBXNativeTarget section */

/* Begin PBXProject section */
		4C16085D2AD6E449004B3B81 /* Project object */ = {
			isa = PBXProject;
			attributes = {
				BuildIndependentTargetsInParallel = 1;
				LastSwiftUpdateCheck = 1430;
				LastUpgradeCheck = 1430;
				TargetAttributes = {
					4C1608642AD6E449004B3B81 = {
						CreatedOnToolsVersion = 14.3.1;
					};
					4C16087D2AD6E44A004B3B81 = {
						CreatedOnToolsVersion = 14.3.1;
						TestTargetID = 4C1608642AD6E449004B3B81;
					};
					4C1608872AD6E44A004B3B81 = {
						CreatedOnToolsVersion = 14.3.1;
						TestTargetID = 4C1608642AD6E449004B3B81;
					};
				};
			};
			buildConfigurationList = 4C1608602AD6E449004B3B81 /* Build configuration list for PBXProject "classmate app" */;
			compatibilityVersion = "Xcode 14.0";
			developmentRegion = en;
			hasScannedForEncodings = 0;
			knownRegions = (
				en,
				Base,
			);
			mainGroup = 4C16085C2AD6E449004B3B81;
			productRefGroup = 4C1608662AD6E449004B3B81 /* Products */;
			projectDirPath = "";
			projectRoot = "";
			targets = (
				4C1608642AD6E449004B3B81 /* classmate app */,
				4C16087D2AD6E44A004B3B81 /* classmate appTests */,
				4C1608872AD6E44A004B3B81 /* classmate appUITests */,
			);
		};
/* End PBXProject section */

/* Begin PBXResourcesBuildPhase section */
		4C1608632AD6E449004B3B81 /* Resources */ = {
			isa = PBXResourcesBuildPhase;
			buildActionMask = 2147483647;
			files = (
				4C1608782AD6E44A004B3B81 /* LaunchScreen.storyboard in Resources */,
				4C1608752AD6E44A004B3B81 /* Assets.xcassets in Resources */,
				4C1608702AD6E449004B3B81 /* Main.storyboard in Resources */,
			);
			runOnlyForDeploymentPostprocessing = 0;
		};
		4C16087C2AD6E44A004B3B81 /* Resources */ = {
			isa = PBXResourcesBuildPhase;
			buildActionMask = 2147483647;
			files = (
			);
			runOnlyForDeploymentPostprocessing = 0;
		};
		4C1608862AD6E44A004B3B81 /* Resources */ = {
			isa = PBXResourcesBuildPhase;
			buildActionMask = 2147483647;
			files = (
			);
			runOnlyForDeploymentPostprocessing = 0;
		};
/* End PBXResourcesBuildPhase section */

/* Begin PBXSourcesBuildPhase section */
		4C1608612AD6E449004B3B81 /* Sources */ = {
			isa = PBXSourcesBuildPhase;
			buildActionMask = 2147483647;
			files = (
				4C16086D2AD6E449004B3B81 /* ViewController.swift in Sources */,
				4C1608692AD6E449004B3B81 /* AppDelegate.swift in Sources */,
				4C16086B2AD6E449004B3B81 /* SceneDelegate.swift in Sources */,
				4C16089C2AD6E4B3004B3B81 /* Student.swift in Sources */,
				4C47FA382AD98F2F00A18F4C /* ViewControllerInfo.swift in Sources */,
				4C1608732AD6E449004B3B81 /* classmate_app.xcdatamodeld in Sources */,
			);
			runOnlyForDeploymentPostprocessing = 0;
		};
		4C16087A2AD6E44A004B3B81 /* Sources */ = {
			isa = PBXSourcesBuildPhase;
			buildActionMask = 2147483647;
			files = (
				4C1608832AD6E44A004B3B81 /* classmate_appTests.swift in Sources */,
			);
			runOnlyForDeploymentPostprocessing = 0;
		};
		4C1608842AD6E44A004B3B81 /* Sources */ = {
			isa = PBXSourcesBuildPhase;
			buildActionMask = 2147483647;
			files = (
				4C16088F2AD6E44A004B3B81 /* classmate_appUITestsLaunchTests.swift in Sources */,
				4C16088D2AD6E44A004B3B81 /* classmate_appUITests.swift in Sources */,
			);
			runOnlyForDeploymentPostprocessing = 0;
		};
/* End PBXSourcesBuildPhase section */

/* Begin PBXTargetDependency section */
		4C1608802AD6E44A004B3B81 /* PBXTargetDependency */ = {
			isa = PBXTargetDependency;
			target = 4C1608642AD6E449004B3B81 /* classmate app */;
			targetProxy = 4C16087F2AD6E44A004B3B81 /* PBXContainerItemProxy */;
		};
		4C16088A2AD6E44A004B3B81 /* PBXTargetDependency */ = {
			isa = PBXTargetDependency;
			target = 4C1608642AD6E449004B3B81 /* classmate app */;
			targetProxy = 4C1608892AD6E44A004B3B81 /* PBXContainerItemProxy */;
		};
/* End PBXTargetDependency section */

/* Begin PBXVariantGroup section */
		4C16086E2AD6E449004B3B81 /* Main.storyboard */ = {
			isa = PBXVariantGroup;
			children = (
				4C16086F2AD6E449004B3B81 /* Base */,
			);
			name = Main.storyboard;
			sourceTree = "<group>";
		};
		4C1608762AD6E44A004B3B81 /* LaunchScreen.storyboard */ = {
			isa = PBXVariantGroup;
			children = (
				4C1608772AD6E44A004B3B81 /* Base */,
			);
			name = LaunchScreen.storyboard;
			sourceTree = "<group>";
		};
/* End PBXVariantGroup section */

/* Begin XCBuildConfiguration section */
		4C1608902AD6E44A004B3B81 /* Debug */ = {
			isa = XCBuildConfiguration;
			buildSettings = {
				ALWAYS_SEARCH_USER_PATHS = NO;
				CLANG_ANALYZER_NONNULL = YES;
				CLANG_ANALYZER_NUMBER_OBJECT_CONVERSION = YES_AGGRESSIVE;
				CLANG_CXX_LANGUAGE_STANDARD = "gnu++20";
				CLANG_ENABLE_MODULES = YES;
				CLANG_ENABLE_OBJC_ARC = YES;
				CLANG_ENABLE_OBJC_WEAK = YES;
				CLANG_WARN_BLOCK_CAPTURE_AUTORELEASING = YES;
				CLANG_WARN_BOOL_CONVERSION = YES;
				CLANG_WARN_COMMA = YES;
				CLANG_WARN_CONSTANT_CONVERSION = YES;
				CLANG_WARN_DEPRECATED_OBJC_IMPLEMENTATIONS = YES;
				CLANG_WARN_DIRECT_OBJC_ISA_USAGE = YES_ERROR;
				CLANG_WARN_DOCUMENTATION_COMMENTS = YES;
				CLANG_WARN_EMPTY_BODY = YES;
				CLANG_WARN_ENUM_CONVERSION = YES;
				CLANG_WARN_INFINITE_RECURSION = YES;
				CLANG_WARN_INT_CONVERSION = YES;
				CLANG_WARN_NON_LITERAL_NULL_CONVERSION = YES;
				CLANG_WARN_OBJC_IMPLICIT_RETAIN_SELF = YES;
				CLANG_WARN_OBJC_LITERAL_CONVERSION = YES;
				CLANG_WARN_OBJC_ROOT_CLASS = YES_ERROR;
				CLANG_WARN_QUOTED_INCLUDE_IN_FRAMEWORK_HEADER = YES;
				CLANG_WARN_RANGE_LOOP_ANALYSIS = YES;
				CLANG_WARN_STRICT_PROTOTYPES = YES;
				CLANG_WARN_SUSPICIOUS_MOVE = YES;
				CLANG_WARN_UNGUARDED_AVAILABILITY = YES_AGGRESSIVE;
				CLANG_WARN_UNREACHABLE_CODE = YES;
				CLANG_WARN__DUPLICATE_METHOD_MATCH = YES;
				COPY_PHASE_STRIP = NO;
				DEBUG_INFORMATION_FORMAT = dwarf;
				ENABLE_STRICT_OBJC_MSGSEND = YES;
				ENABLE_TESTABILITY = YES;
				GCC_C_LANGUAGE_STANDARD = gnu11;
				GCC_DYNAMIC_NO_PIC = NO;
				GCC_NO_COMMON_BLOCKS = YES;
				GCC_OPTIMIZATION_LEVEL = 0;
				GCC_PREPROCESSOR_DEFINITIONS = (
					"DEBUG=1",
					"$(inherited)",
				);
				GCC_WARN_64_TO_32_BIT_CONVERSION = YES;
				GCC_WARN_ABOUT_RETURN_TYPE = YES_ERROR;
				GCC_WARN_UNDECLARED_SELECTOR = YES;
				GCC_WARN_UNINITIALIZED_AUTOS = YES_AGGRESSIVE;
				GCC_WARN_UNUSED_FUNCTION = YES;
				GCC_WARN_UNUSED_VARIABLE = YES;
				IPHONEOS_DEPLOYMENT_TARGET = 16.4;
				MTL_ENABLE_DEBUG_INFO = INCLUDE_SOURCE;
				MTL_FAST_MATH = YES;
				ONLY_ACTIVE_ARCH = YES;
				SDKROOT = iphoneos;
				SWIFT_ACTIVE_COMPILATION_CONDITIONS = DEBUG;
				SWIFT_OPTIMIZATION_LEVEL = "-Onone";
			};
			name = Debug;
		};
		4C1608912AD6E44A004B3B81 /* Release */ = {
			isa = XCBuildConfiguration;
			buildSettings = {
				ALWAYS_SEARCH_USER_PATHS = NO;
				CLANG_ANALYZER_NONNULL = YES;
				CLANG_ANALYZER_NUMBER_OBJECT_CONVERSION = YES_AGGRESSIVE;
				CLANG_CXX_LANGUAGE_STANDARD = "gnu++20";
				CLANG_ENABLE_MODULES = YES;
				CLANG_ENABLE_OBJC_ARC = YES;
				CLANG_ENABLE_OBJC_WEAK = YES;
				CLANG_WARN_BLOCK_CAPTURE_AUTORELEASING = YES;
				CLANG_WARN_BOOL_CONVERSION = YES;
				CLANG_WARN_COMMA = YES;
				CLANG_WARN_CONSTANT_CONVERSION = YES;
				CLANG_WARN_DEPRECATED_OBJC_IMPLEMENTATIONS = YES;
				CLANG_WARN_DIRECT_OBJC_ISA_USAGE = YES_ERROR;
				CLANG_WARN_DOCUMENTATION_COMMENTS = YES;
				CLANG_WARN_EMPTY_BODY = YES;
				CLANG_WARN_ENUM_CONVERSION = YES;
				CLANG_WARN_INFINITE_RECURSION = YES;
				CLANG_WARN_INT_CONVERSION = YES;
				CLANG_WARN_NON_LITERAL_NULL_CONVERSION = YES;
				CLANG_WARN_OBJC_IMPLICIT_RETAIN_SELF = YES;
				CLANG_WARN_OBJC_LITERAL_CONVERSION = YES;
				CLANG_WARN_OBJC_ROOT_CLASS = YES_ERROR;
				CLANG_WARN_QUOTED_INCLUDE_IN_FRAMEWORK_HEADER = YES;
				CLANG_WARN_RANGE_LOOP_ANALYSIS = YES;
				CLANG_WARN_STRICT_PROTOTYPES = YES;
				CLANG_WARN_SUSPICIOUS_MOVE = YES;
				CLANG_WARN_UNGUARDED_AVAILABILITY = YES_AGGRESSIVE;
				CLANG_WARN_UNREACHABLE_CODE = YES;
				CLANG_WARN__DUPLICATE_METHOD_MATCH = YES;
				COPY_PHASE_STRIP = NO;
				DEBUG_INFORMATION_FORMAT = "dwarf-with-dsym";
				ENABLE_NS_ASSERTIONS = NO;
				ENABLE_STRICT_OBJC_MSGSEND = YES;
				GCC_C_LANGUAGE_STANDARD = gnu11;
				GCC_NO_COMMON_BLOCKS = YES;
				GCC_WARN_64_TO_32_BIT_CONVERSION = YES;
				GCC_WARN_ABOUT_RETURN_TYPE = YES_ERROR;
				GCC_WARN_UNDECLARED_SELECTOR = YES;
				GCC_WARN_UNINITIALIZED_AUTOS = YES_AGGRESSIVE;
				GCC_WARN_UNUSED_FUNCTION = YES;
				GCC_WARN_UNUSED_VARIABLE = YES;
				IPHONEOS_DEPLOYMENT_TARGET = 16.4;
				MTL_ENABLE_DEBUG_INFO = NO;
				MTL_FAST_MATH = YES;
				SDKROOT = iphoneos;
				SWIFT_COMPILATION_MODE = wholemodule;
				SWIFT_OPTIMIZATION_LEVEL = "-O";
				VALIDATE_PRODUCT = YES;
			};
			name = Release;
		};
		4C1608932AD6E44A004B3B81 /* Debug */ = {
			isa = XCBuildConfiguration;
			buildSettings = {
				ASSETCATALOG_COMPILER_APPICON_NAME = AppIcon;
				ASSETCATALOG_COMPILER_GLOBAL_ACCENT_COLOR_NAME = AccentColor;
				CODE_SIGN_STYLE = Automatic;
				CURRENT_PROJECT_VERSION = 1;
				DEVELOPMENT_TEAM = 35JGHH6ZTT;
				GENERATE_INFOPLIST_FILE = YES;
				INFOPLIST_FILE = "classmate app/Info.plist";
				INFOPLIST_KEY_UIApplicationSupportsIndirectInputEvents = YES;
				INFOPLIST_KEY_UILaunchStoryboardName = LaunchScreen;
				INFOPLIST_KEY_UIMainStoryboardFile = Main;
				INFOPLIST_KEY_UISupportedInterfaceOrientations_iPad = "UIInterfaceOrientationPortrait UIInterfaceOrientationPortraitUpsideDown UIInterfaceOrientationLandscapeLeft UIInterfaceOrientationLandscapeRight";
				INFOPLIST_KEY_UISupportedInterfaceOrientations_iPhone = "UIInterfaceOrientationPortrait UIInterfaceOrientationLandscapeLeft UIInterfaceOrientationLandscapeRight";
				LD_RUNPATH_SEARCH_PATHS = (
					"$(inherited)",
					"@executable_path/Frameworks",
				);
				MARKETING_VERSION = 1.0;
				PRODUCT_BUNDLE_IDENTIFIER = "clc.classmate-app";
				PRODUCT_NAME = "$(TARGET_NAME)";
				SWIFT_EMIT_LOC_STRINGS = YES;
				SWIFT_VERSION = 5.0;
				TARGETED_DEVICE_FAMILY = "1,2";
			};
			name = Debug;
		};
		4C1608942AD6E44A004B3B81 /* Release */ = {
			isa = XCBuildConfiguration;
			buildSettings = {
				ASSETCATALOG_COMPILER_APPICON_NAME = AppIcon;
				ASSETCATALOG_COMPILER_GLOBAL_ACCENT_COLOR_NAME = AccentColor;
				CODE_SIGN_STYLE = Automatic;
				CURRENT_PROJECT_VERSION = 1;
				DEVELOPMENT_TEAM = 35JGHH6ZTT;
				GENERATE_INFOPLIST_FILE = YES;
				INFOPLIST_FILE = "classmate app/Info.plist";
				INFOPLIST_KEY_UIApplicationSupportsIndirectInputEvents = YES;
				INFOPLIST_KEY_UILaunchStoryboardName = LaunchScreen;
				INFOPLIST_KEY_UIMainStoryboardFile = Main;
				INFOPLIST_KEY_UISupportedInterfaceOrientations_iPad = "UIInterfaceOrientationPortrait UIInterfaceOrientationPortraitUpsideDown UIInterfaceOrientationLandscapeLeft UIInterfaceOrientationLandscapeRight";
				INFOPLIST_KEY_UISupportedInterfaceOrientations_iPhone = "UIInterfaceOrientationPortrait UIInterfaceOrientationLandscapeLeft UIInterfaceOrientationLandscapeRight";
				LD_RUNPATH_SEARCH_PATHS = (
					"$(inherited)",
					"@executable_path/Frameworks",
				);
				MARKETING_VERSION = 1.0;
				PRODUCT_BUNDLE_IDENTIFIER = "clc.classmate-app";
				PRODUCT_NAME = "$(TARGET_NAME)";
				SWIFT_EMIT_LOC_STRINGS = YES;
				SWIFT_VERSION = 5.0;
				TARGETED_DEVICE_FAMILY = "1,2";
			};
			name = Release;
		};
		4C1608962AD6E44A004B3B81 /* Debug */ = {
			isa = XCBuildConfiguration;
			buildSettings = {
				ALWAYS_EMBED_SWIFT_STANDARD_LIBRARIES = YES;
				BUNDLE_LOADER = "$(TEST_HOST)";
				CODE_SIGN_STYLE = Automatic;
				CURRENT_PROJECT_VERSION = 1;
				DEVELOPMENT_TEAM = 35JGHH6ZTT;
				GENERATE_INFOPLIST_FILE = YES;
				IPHONEOS_DEPLOYMENT_TARGET = 16.4;
				MARKETING_VERSION = 1.0;
				PRODUCT_BUNDLE_IDENTIFIER = "clc.classmate-appTests";
				PRODUCT_NAME = "$(TARGET_NAME)";
				SWIFT_EMIT_LOC_STRINGS = NO;
				SWIFT_VERSION = 5.0;
				TARGETED_DEVICE_FAMILY = "1,2";
				TEST_HOST = "$(BUILT_PRODUCTS_DIR)/classmate app.app/$(BUNDLE_EXECUTABLE_FOLDER_PATH)/classmate app";
			};
			name = Debug;
		};
		4C1608972AD6E44A004B3B81 /* Release */ = {
			isa = XCBuildConfiguration;
			buildSettings = {
				ALWAYS_EMBED_SWIFT_STANDARD_LIBRARIES = YES;
				BUNDLE_LOADER = "$(TEST_HOST)";
				CODE_SIGN_STYLE = Automatic;
				CURRENT_PROJECT_VERSION = 1;
				DEVELOPMENT_TEAM = 35JGHH6ZTT;
				GENERATE_INFOPLIST_FILE = YES;
				IPHONEOS_DEPLOYMENT_TARGET = 16.4;
				MARKETING_VERSION = 1.0;
				PRODUCT_BUNDLE_IDENTIFIER = "clc.classmate-appTests";
				PRODUCT_NAME = "$(TARGET_NAME)";
				SWIFT_EMIT_LOC_STRINGS = NO;
				SWIFT_VERSION = 5.0;
				TARGETED_DEVICE_FAMILY = "1,2";
				TEST_HOST = "$(BUILT_PRODUCTS_DIR)/classmate app.app/$(BUNDLE_EXECUTABLE_FOLDER_PATH)/classmate app";
			};
			name = Release;
		};
		4C1608992AD6E44A004B3B81 /* Debug */ = {
			isa = XCBuildConfiguration;
			buildSettings = {
				ALWAYS_EMBED_SWIFT_STANDARD_LIBRARIES = YES;
				CODE_SIGN_STYLE = Automatic;
				CURRENT_PROJECT_VERSION = 1;
				DEVELOPMENT_TEAM = 35JGHH6ZTT;
				GENERATE_INFOPLIST_FILE = YES;
				MARKETING_VERSION = 1.0;
				PRODUCT_BUNDLE_IDENTIFIER = "clc.classmate-appUITests";
				PRODUCT_NAME = "$(TARGET_NAME)";
				SWIFT_EMIT_LOC_STRINGS = NO;
				SWIFT_VERSION = 5.0;
				TARGETED_DEVICE_FAMILY = "1,2";
				TEST_TARGET_NAME = "classmate app";
			};
			name = Debug;
		};
		4C16089A2AD6E44A004B3B81 /* Release */ = {
			isa = XCBuildConfiguration;
			buildSettings = {
				ALWAYS_EMBED_SWIFT_STANDARD_LIBRARIES = YES;
				CODE_SIGN_STYLE = Automatic;
				CURRENT_PROJECT_VERSION = 1;
				DEVELOPMENT_TEAM = 35JGHH6ZTT;
				GENERATE_INFOPLIST_FILE = YES;
				MARKETING_VERSION = 1.0;
				PRODUCT_BUNDLE_IDENTIFIER = "clc.classmate-appUITests";
				PRODUCT_NAME = "$(TARGET_NAME)";
				SWIFT_EMIT_LOC_STRINGS = NO;
				SWIFT_VERSION = 5.0;
				TARGETED_DEVICE_FAMILY = "1,2";
				TEST_TARGET_NAME = "classmate app";
			};
			name = Release;
		};
/* End XCBuildConfiguration section */

/* Begin XCConfigurationList section */
		4C1608602AD6E449004B3B81 /* Build configuration list for PBXProject "classmate app" */ = {
			isa = XCConfigurationList;
			buildConfigurations = (
				4C1608902AD6E44A004B3B81 /* Debug */,
				4C1608912AD6E44A004B3B81 /* Release */,
			);
			defaultConfigurationIsVisible = 0;
			defaultConfigurationName = Release;
		};
		4C1608922AD6E44A004B3B81 /* Build configuration list for PBXNativeTarget "classmate app" */ = {
			isa = XCConfigurationList;
			buildConfigurations = (
				4C1608932AD6E44A004B3B81 /* Debug */,
				4C1608942AD6E44A004B3B81 /* Release */,
			);
			defaultConfigurationIsVisible = 0;
			defaultConfigurationName = Release;
		};
		4C1608952AD6E44A004B3B81 /* Build configuration list for PBXNativeTarget "classmate appTests" */ = {
			isa = XCConfigurationList;
			buildConfigurations = (
				4C1608962AD6E44A004B3B81 /* Debug */,
				4C1608972AD6E44A004B3B81 /* Release */,
			);
			defaultConfigurationIsVisible = 0;
			defaultConfigurationName = Release;
		};
		4C1608982AD6E44A004B3B81 /* Build configuration list for PBXNativeTarget "classmate appUITests" */ = {
			isa = XCConfigurationList;
			buildConfigurations = (
				4C1608992AD6E44A004B3B81 /* Debug */,
				4C16089A2AD6E44A004B3B81 /* Release */,
			);
			defaultConfigurationIsVisible = 0;
			defaultConfigurationName = Release;
		};
/* End XCConfigurationList section */

/* Begin XCVersionGroup section */
		4C1608712AD6E449004B3B81 /* classmate_app.xcdatamodeld */ = {
			isa = XCVersionGroup;
			children = (
				4C1608722AD6E449004B3B81 /* classmate_app.xcdatamodel */,
			);
			currentVersion = 4C1608722AD6E449004B3B81 /* classmate_app.xcdatamodel */;
			path = classmate_app.xcdatamodeld;
			sourceTree = "<group>";
			versionGroupType = wrapper.xcdatamodel;
		};
/* End XCVersionGroup section */
	};
	rootObject = 4C16085D2AD6E449004B3B81 /* Project object */;
}
